{
  "version": 4,
  "terraform_version": "1.3.2",
  "serial": 4,
  "lineage": "d1656f11-016a-a9bc-7a26-b7b89620c704",
  "outputs": {},
  "resources": [
    {
      "module": "module.ResourceGroup",
      "mode": "managed",
      "type": "azurerm_resource_group",
      "name": "infra",
      "provider": "provider[\"registry.terraform.io/hashicorp/azurerm\"]",
      "instances": [
        {
          "schema_version": 0,
          "attributes": {
            "id": "/subscriptions/dbe857d8-f7ea-4c79-bb59-b4e5bc080426/resourceGroups/vintila",
            "location": "westus",
            "name": "vintila",
            "tags": {
              "EndDate": "31.12.2024",
              "ProjectCode": "INTBHD99AM",
              "ProjectName": "AMCloudTraining",
              "ServiceNowID": "RITM0577280"
            },
            "timeouts": null
          },
          "sensitive_attributes": [],
          "private": "eyJlMmJmYjczMC1lY2FhLTExZTYtOGY4OC0zNDM2M2JjN2M0YzAiOnsiY3JlYXRlIjo1NDAwMDAwMDAwMDAwLCJkZWxldGUiOjU0MDAwMDAwMDAwMDAsInJlYWQiOjMwMDAwMDAwMDAwMCwidXBkYXRlIjo1NDAwMDAwMDAwMDAwfX0="
        }
      ]
    }
  ],
  "check_results": []
}
